// !$*UTF8*$!
{
	archiveVersion = 1;
	classes = {
	};
	objectVersion = 50;
	objects = {

/* Begin PBXBuildFile section */
		2A2EE062231C139700AAD7E2 /* Position.swift in Sources */ = {isa = PBXBuildFile; fileRef = 2A2EE061231C139700AAD7E2 /* Position.swift */; };
		2A3F5736231F255E00BC3767 /* SettingsStore.swift in Sources */ = {isa = PBXBuildFile; fileRef = 2A3F5735231F255E00BC3767 /* SettingsStore.swift */; };
		2A3F5738231F2A9A00BC3767 /* LocalDataSubSections.swift in Sources */ = {isa = PBXBuildFile; fileRef = 2A3F5737231F2A9A00BC3767 /* LocalDataSubSections.swift */; };
		2A3F573C231FD78600BC3767 /* View+Extension.swift in Sources */ = {isa = PBXBuildFile; fileRef = 2A3F573B231FD78600BC3767 /* View+Extension.swift */; };
		2A3F573E231FE33700BC3767 /* FlowsList.swift in Sources */ = {isa = PBXBuildFile; fileRef = 2A3F573D231FE33700BC3767 /* FlowsList.swift */; };
		2A3F5741231FFD9E00BC3767 /* UserDetaultWrapper.swift in Sources */ = {isa = PBXBuildFile; fileRef = 2A3F5740231FFD9E00BC3767 /* UserDetaultWrapper.swift */; };
		2A3F57432320012D00BC3767 /* createCashFlow.swift in Sources */ = {isa = PBXBuildFile; fileRef = 2A3F57422320012D00BC3767 /* createCashFlow.swift */; };
		2A40574F231F051B00B5FA63 /* Buttons.swift in Sources */ = {isa = PBXBuildFile; fileRef = 2A40574E231F051B00B5FA63 /* Buttons.swift */; };
		2A783053231C43CC0047BDB6 /* PortfolioList.swift in Sources */ = {isa = PBXBuildFile; fileRef = 2A783052231C43CC0047BDB6 /* PortfolioList.swift */; };
		2A8B7F2C2319A100005756BB /* AppDelegate.swift in Sources */ = {isa = PBXBuildFile; fileRef = 2A8B7F2B2319A100005756BB /* AppDelegate.swift */; };
		2A8B7F2E2319A100005756BB /* SceneDelegate.swift in Sources */ = {isa = PBXBuildFile; fileRef = 2A8B7F2D2319A100005756BB /* SceneDelegate.swift */; };
		2A8B7F302319A100005756BB /* ContentView.swift in Sources */ = {isa = PBXBuildFile; fileRef = 2A8B7F2F2319A100005756BB /* ContentView.swift */; };
		2A8B7F322319A101005756BB /* Assets.xcassets in Resources */ = {isa = PBXBuildFile; fileRef = 2A8B7F312319A101005756BB /* Assets.xcassets */; };
		2A8B7F352319A101005756BB /* Preview Assets.xcassets in Resources */ = {isa = PBXBuildFile; fileRef = 2A8B7F342319A101005756BB /* Preview Assets.xcassets */; };
		2A8B7F382319A101005756BB /* LaunchScreen.storyboard in Resources */ = {isa = PBXBuildFile; fileRef = 2A8B7F362319A101005756BB /* LaunchScreen.storyboard */; };
		2A8B7F432319A101005756BB /* BondCashFlowTests.swift in Sources */ = {isa = PBXBuildFile; fileRef = 2A8B7F422319A101005756BB /* BondCashFlowTests.swift */; };
		2A8B7F4E2319A101005756BB /* BondCashFlowUITests.swift in Sources */ = {isa = PBXBuildFile; fileRef = 2A8B7F4D2319A101005756BB /* BondCashFlowUITests.swift */; };
		2A8B7F5F2319A1BB005756BB /* Potfolio.swift in Sources */ = {isa = PBXBuildFile; fileRef = 2A8B7F5C2319A1BB005756BB /* Potfolio.swift */; };
		2A8B7F602319A1BB005756BB /* Data.swift in Sources */ = {isa = PBXBuildFile; fileRef = 2A8B7F5D2319A1BB005756BB /* Data.swift */; };
		2A8B7F612319A1BB005756BB /* UserData.swift in Sources */ = {isa = PBXBuildFile; fileRef = 2A8B7F5E2319A1BB005756BB /* UserData.swift */; };
		2A8B7F6A2319A1C7005756BB /* CBondEmission.swift in Sources */ = {isa = PBXBuildFile; fileRef = 2A8B7F632319A1C7005756BB /* CBondEmission.swift */; };
		2A8B7F6B2319A1C7005756BB /* CBondFlow.swift in Sources */ = {isa = PBXBuildFile; fileRef = 2A8B7F642319A1C7005756BB /* CBondFlow.swift */; };
		2A8B7F6C2319A1C7005756BB /* CBondMeta.swift in Sources */ = {isa = PBXBuildFile; fileRef = 2A8B7F652319A1C7005756BB /* CBondMeta.swift */; };
		2A8B7F6D2319A1C7005756BB /* Flow.swift in Sources */ = {isa = PBXBuildFile; fileRef = 2A8B7F662319A1C7005756BB /* Flow.swift */; };
		2A8B7F6E2319A1C7005756BB /* Extension+DateFormatter.swift in Sources */ = {isa = PBXBuildFile; fileRef = 2A8B7F672319A1C7005756BB /* Extension+DateFormatter.swift */; };
		2A8B7F6F2319A1C7005756BB /* cbondFetch.swift in Sources */ = {isa = PBXBuildFile; fileRef = 2A8B7F682319A1C7005756BB /* cbondFetch.swift */; };
		2A8B7F702319A1C7005756BB /* Emission.swift in Sources */ = {isa = PBXBuildFile; fileRef = 2A8B7F692319A1C7005756BB /* Emission.swift */; };
		2A8B7F742319A1D7005756BB /* readCbondJSON.swift in Sources */ = {isa = PBXBuildFile; fileRef = 2A8B7F722319A1D7005756BB /* readCbondJSON.swift */; };
		2A8B7F752319A1D7005756BB /* WorkWithJSON.swift in Sources */ = {isa = PBXBuildFile; fileRef = 2A8B7F732319A1D7005756BB /* WorkWithJSON.swift */; };
		2A8B7F872319A1DF005756BB /* EmissionList.swift in Sources */ = {isa = PBXBuildFile; fileRef = 2A8B7F772319A1DF005756BB /* EmissionList.swift */; };
		2A8B7F882319A1DF005756BB /* EmissionDetail.swift in Sources */ = {isa = PBXBuildFile; fileRef = 2A8B7F782319A1DF005756BB /* EmissionDetail.swift */; };
		2A8B7F892319A1DF005756BB /* FlowRow.swift in Sources */ = {isa = PBXBuildFile; fileRef = 2A8B7F792319A1DF005756BB /* FlowRow.swift */; };
		2A8B7F8A2319A1DF005756BB /* PositionRow.swift in Sources */ = {isa = PBXBuildFile; fileRef = 2A8B7F7A2319A1DF005756BB /* PositionRow.swift */; };
		2A8B7F8B2319A1DF005756BB /* AddIssue.swift in Sources */ = {isa = PBXBuildFile; fileRef = 2A8B7F7B2319A1DF005756BB /* AddIssue.swift */; };
		2A8B7F8C2319A1DF005756BB /* AddPosition.swift in Sources */ = {isa = PBXBuildFile; fileRef = 2A8B7F7C2319A1DF005756BB /* AddPosition.swift */; };
		2A8B7F8D2319A1DF005756BB /* CbondLogin.swift in Sources */ = {isa = PBXBuildFile; fileRef = 2A8B7F7D2319A1DF005756BB /* CbondLogin.swift */; };
		2A8B7F8E2319A1DF005756BB /* EmitentFilter.swift in Sources */ = {isa = PBXBuildFile; fileRef = 2A8B7F7E2319A1DF005756BB /* EmitentFilter.swift */; };
		2A8B7F8F2319A1DF005756BB /* PotfolioFilter.swift in Sources */ = {isa = PBXBuildFile; fileRef = 2A8B7F7F2319A1DF005756BB /* PotfolioFilter.swift */; };
		2A8B7F902319A1DF005756BB /* Settings.swift in Sources */ = {isa = PBXBuildFile; fileRef = 2A8B7F802319A1DF005756BB /* Settings.swift */; };
		2A8B7F912319A1DF005756BB /* CFCalendar.swift in Sources */ = {isa = PBXBuildFile; fileRef = 2A8B7F812319A1DF005756BB /* CFCalendar.swift */; };
		2A8B7F922319A1DF005756BB /* EmissionRow.swift in Sources */ = {isa = PBXBuildFile; fileRef = 2A8B7F822319A1DF005756BB /* EmissionRow.swift */; };
		2A8B7F932319A1DF005756BB /* Catalogue.swift in Sources */ = {isa = PBXBuildFile; fileRef = 2A8B7F832319A1DF005756BB /* Catalogue.swift */; };
		2A8B7F942319A1DF005756BB /* PositionDetail.swift in Sources */ = {isa = PBXBuildFile; fileRef = 2A8B7F842319A1DF005756BB /* PositionDetail.swift */; };
		2A8B7F952319A1DF005756BB /* AddPortfolio.swift in Sources */ = {isa = PBXBuildFile; fileRef = 2A8B7F852319A1DF005756BB /* AddPortfolio.swift */; };
		2A8B7F962319A1DF005756BB /* PortfolioView.swift in Sources */ = {isa = PBXBuildFile; fileRef = 2A8B7F862319A1DF005756BB /* PortfolioView.swift */; };
		2A8B7F992319A1EA005756BB /* SaveDoneCancelButtons.swift in Sources */ = {isa = PBXBuildFile; fileRef = 2A8B7F982319A1EA005756BB /* SaveDoneCancelButtons.swift */; };
		2A8B7FA32319A1F6005756BB /* String+Extensions.swift in Sources */ = {isa = PBXBuildFile; fileRef = 2A8B7F9B2319A1F6005756BB /* String+Extensions.swift */; };
		2A8B7FA42319A1F6005756BB /* Collection+Extension.swift in Sources */ = {isa = PBXBuildFile; fileRef = 2A8B7F9C2319A1F6005756BB /* Collection+Extension.swift */; };
		2A8B7FA52319A1F6005756BB /* Int+RusGrammar+Extension.swift in Sources */ = {isa = PBXBuildFile; fileRef = 2A8B7F9D2319A1F6005756BB /* Int+RusGrammar+Extension.swift */; };
		2A8B7FA62319A1F6005756BB /* Extension+Array.swift in Sources */ = {isa = PBXBuildFile; fileRef = 2A8B7F9E2319A1F6005756BB /* Extension+Array.swift */; };
		2A8B7FA72319A1F6005756BB /* Format+Extensions.swift in Sources */ = {isa = PBXBuildFile; fileRef = 2A8B7F9F2319A1F6005756BB /* Format+Extensions.swift */; };
		2A8B7FA82319A1F6005756BB /* Extension+FileManager.swift in Sources */ = {isa = PBXBuildFile; fileRef = 2A8B7FA02319A1F6005756BB /* Extension+FileManager.swift */; };
		2A8B7FA92319A1F6005756BB /* Color+Extensions.swift in Sources */ = {isa = PBXBuildFile; fileRef = 2A8B7FA12319A1F6005756BB /* Color+Extensions.swift */; };
		2A8B7FAA2319A1F6005756BB /* Date+Extensions.swift in Sources */ = {isa = PBXBuildFile; fileRef = 2A8B7FA22319A1F6005756BB /* Date+Extensions.swift */; };
		2A8B7FBD2319A1FF005756BB /* CashFlowCell.swift in Sources */ = {isa = PBXBuildFile; fileRef = 2A8B7FAC2319A1FF005756BB /* CashFlowCell.swift */; };
		2A8B7FBE2319A1FF005756BB /* CashFlowView.swift in Sources */ = {isa = PBXBuildFile; fileRef = 2A8B7FAD2319A1FF005756BB /* CashFlowView.swift */; };
		2A8B7FBF2319A1FF005756BB /* ItemState.swift in Sources */ = {isa = PBXBuildFile; fileRef = 2A8B7FAE2319A1FF005756BB /* ItemState.swift */; };
		2A8B7FC02319A1FF005756BB /* TableInCell.swift in Sources */ = {isa = PBXBuildFile; fileRef = 2A8B7FAF2319A1FF005756BB /* TableInCell.swift */; };
		2A8B7FC12319A1FF005756BB /* CashFlowType.swift in Sources */ = {isa = PBXBuildFile; fileRef = 2A8B7FB02319A1FF005756BB /* CashFlowType.swift */; };
		2A8B7FC22319A1FF005756BB /* CashFlowGridItem.swift in Sources */ = {isa = PBXBuildFile; fileRef = 2A8B7FB12319A1FF005756BB /* CashFlowGridItem.swift */; };
		2A8B7FC32319A1FF005756BB /* GridColumn.swift in Sources */ = {isa = PBXBuildFile; fileRef = 2A8B7FB22319A1FF005756BB /* GridColumn.swift */; };
		2A8B7FC42319A1FF005756BB /* CashFlowTimeline.swift in Sources */ = {isa = PBXBuildFile; fileRef = 2A8B7FB32319A1FF005756BB /* CashFlowTimeline.swift */; };
		2A8B7FC52319A1FF005756BB /* CalendarCashFlow.swift in Sources */ = {isa = PBXBuildFile; fileRef = 2A8B7FB42319A1FF005756BB /* CalendarCashFlow.swift */; };
		2A8B7FC62319A1FF005756BB /* CashFlowRow.swift in Sources */ = {isa = PBXBuildFile; fileRef = 2A8B7FB52319A1FF005756BB /* CashFlowRow.swift */; };
		2A8B7FC72319A1FF005756BB /* CashFlowGrid.swift in Sources */ = {isa = PBXBuildFile; fileRef = 2A8B7FB62319A1FF005756BB /* CashFlowGrid.swift */; };
		2A8B7FC82319A1FF005756BB /* TimelineView.swift in Sources */ = {isa = PBXBuildFile; fileRef = 2A8B7FB72319A1FF005756BB /* TimelineView.swift */; };
		2A8B7FC92319A1FF005756BB /* GridItem.swift in Sources */ = {isa = PBXBuildFile; fileRef = 2A8B7FB82319A1FF005756BB /* GridItem.swift */; };
		2A8B7FCA2319A1FF005756BB /* CashFlowList.swift in Sources */ = {isa = PBXBuildFile; fileRef = 2A8B7FB92319A1FF005756BB /* CashFlowList.swift */; };
		2A8B7FCB2319A1FF005756BB /* Grid.swift in Sources */ = {isa = PBXBuildFile; fileRef = 2A8B7FBA2319A1FF005756BB /* Grid.swift */; };
		2A8B7FCC2319A1FF005756BB /* TimelineGraphForRow.swift in Sources */ = {isa = PBXBuildFile; fileRef = 2A8B7FBB2319A1FF005756BB /* TimelineGraphForRow.swift */; };
		2A8B7FCD2319A1FF005756BB /* CashFlowGridColumn.swift in Sources */ = {isa = PBXBuildFile; fileRef = 2A8B7FBC2319A1FF005756BB /* CashFlowGridColumn.swift */; };
		2A8B7FD42319A206005756BB /* CalCashFlow.swift in Sources */ = {isa = PBXBuildFile; fileRef = 2A8B7FCF2319A206005756BB /* CalCashFlow.swift */; };
		2A8B7FD52319A206005756BB /* CalendarCFRow.swift in Sources */ = {isa = PBXBuildFile; fileRef = 2A8B7FD02319A206005756BB /* CalendarCFRow.swift */; };
		2A8B7FD62319A206005756BB /* CalendarCashFlowDetail.swift in Sources */ = {isa = PBXBuildFile; fileRef = 2A8B7FD12319A206005756BB /* CalendarCashFlowDetail.swift */; };
		2A8B7FD72319A206005756BB /* CalendarCashFlowRow.swift in Sources */ = {isa = PBXBuildFile; fileRef = 2A8B7FD22319A206005756BB /* CalendarCashFlowRow.swift */; };
		2A8B7FD82319A206005756BB /* ccf.swift in Sources */ = {isa = PBXBuildFile; fileRef = 2A8B7FD32319A206005756BB /* ccf.swift */; };
		2AA4821D231D409000E7823F /* RotatingActivityIndicator.swift in Sources */ = {isa = PBXBuildFile; fileRef = 2AA4821C231D409000E7823F /* RotatingActivityIndicator.swift */; };
		2ABA2A8F231D9BD400FDB14F /* AdditionalPickers.swift in Sources */ = {isa = PBXBuildFile; fileRef = 2ABA2A8E231D9BD400FDB14F /* AdditionalPickers.swift */; };
		2ABA2A91231D9CC600FDB14F /* CBondsSection.swift in Sources */ = {isa = PBXBuildFile; fileRef = 2ABA2A90231D9CC600FDB14F /* CBondsSection.swift */; };
		2ABA2A93231D9F3400FDB14F /* LocalDataSection.swift in Sources */ = {isa = PBXBuildFile; fileRef = 2ABA2A92231D9F3400FDB14F /* LocalDataSection.swift */; };
		2ABA2A95231DA19E00FDB14F /* UpdateLocalDataSection.swift in Sources */ = {isa = PBXBuildFile; fileRef = 2ABA2A94231DA19E00FDB14F /* UpdateLocalDataSection.swift */; };
		2ABA2A97231DB7B700FDB14F /* cbondRequest.swift in Sources */ = {isa = PBXBuildFile; fileRef = 2ABA2A96231DB7B700FDB14F /* cbondRequest.swift */; };
		2ABA2A99231DB92900FDB14F /* URLSession+Extension.swift in Sources */ = {isa = PBXBuildFile; fileRef = 2ABA2A98231DB92900FDB14F /* URLSession+Extension.swift */; };
		2ABA2A9B231DBE9200FDB14F /* Result+Extension.swift in Sources */ = {isa = PBXBuildFile; fileRef = 2ABA2A9A231DBE9200FDB14F /* Result+Extension.swift */; };
/* End PBXBuildFile section */

/* Begin PBXContainerItemProxy section */
		2A8B7F3F2319A101005756BB /* PBXContainerItemProxy */ = {
			isa = PBXContainerItemProxy;
			containerPortal = 2A8B7F202319A100005756BB /* Project object */;
			proxyType = 1;
			remoteGlobalIDString = 2A8B7F272319A100005756BB;
			remoteInfo = BondCashFlow;
		};
		2A8B7F4A2319A101005756BB /* PBXContainerItemProxy */ = {
			isa = PBXContainerItemProxy;
			containerPortal = 2A8B7F202319A100005756BB /* Project object */;
			proxyType = 1;
			remoteGlobalIDString = 2A8B7F272319A100005756BB;
			remoteInfo = BondCashFlow;
		};
/* End PBXContainerItemProxy section */

/* Begin PBXFileReference section */
		2A2EE061231C139700AAD7E2 /* Position.swift */ = {isa = PBXFileReference; lastKnownFileType = sourcecode.swift; path = Position.swift; sourceTree = "<group>"; };
		2A3F5735231F255E00BC3767 /* SettingsStore.swift */ = {isa = PBXFileReference; lastKnownFileType = sourcecode.swift; path = SettingsStore.swift; sourceTree = "<group>"; };
		2A3F5737231F2A9A00BC3767 /* LocalDataSubSections.swift */ = {isa = PBXFileReference; lastKnownFileType = sourcecode.swift; path = LocalDataSubSections.swift; sourceTree = "<group>"; };
		2A3F573B231FD78600BC3767 /* View+Extension.swift */ = {isa = PBXFileReference; lastKnownFileType = sourcecode.swift; path = "View+Extension.swift"; sourceTree = "<group>"; };
		2A3F573D231FE33700BC3767 /* FlowsList.swift */ = {isa = PBXFileReference; lastKnownFileType = sourcecode.swift; path = FlowsList.swift; sourceTree = "<group>"; };
		2A3F5740231FFD9E00BC3767 /* UserDetaultWrapper.swift */ = {isa = PBXFileReference; lastKnownFileType = sourcecode.swift; path = UserDetaultWrapper.swift; sourceTree = "<group>"; };
		2A3F57422320012D00BC3767 /* createCashFlow.swift */ = {isa = PBXFileReference; lastKnownFileType = sourcecode.swift; path = createCashFlow.swift; sourceTree = "<group>"; };
		2A40574E231F051B00B5FA63 /* Buttons.swift */ = {isa = PBXFileReference; lastKnownFileType = sourcecode.swift; path = Buttons.swift; sourceTree = "<group>"; };
		2A783052231C43CC0047BDB6 /* PortfolioList.swift */ = {isa = PBXFileReference; lastKnownFileType = sourcecode.swift; path = PortfolioList.swift; sourceTree = "<group>"; };
		2A8B7F282319A100005756BB /* BondCashFlow.app */ = {isa = PBXFileReference; explicitFileType = wrapper.application; includeInIndex = 0; path = BondCashFlow.app; sourceTree = BUILT_PRODUCTS_DIR; };
		2A8B7F2B2319A100005756BB /* AppDelegate.swift */ = {isa = PBXFileReference; lastKnownFileType = sourcecode.swift; path = AppDelegate.swift; sourceTree = "<group>"; };
		2A8B7F2D2319A100005756BB /* SceneDelegate.swift */ = {isa = PBXFileReference; lastKnownFileType = sourcecode.swift; path = SceneDelegate.swift; sourceTree = "<group>"; };
		2A8B7F2F2319A100005756BB /* ContentView.swift */ = {isa = PBXFileReference; lastKnownFileType = sourcecode.swift; path = ContentView.swift; sourceTree = "<group>"; };
		2A8B7F312319A101005756BB /* Assets.xcassets */ = {isa = PBXFileReference; lastKnownFileType = folder.assetcatalog; path = Assets.xcassets; sourceTree = "<group>"; };
		2A8B7F342319A101005756BB /* Preview Assets.xcassets */ = {isa = PBXFileReference; lastKnownFileType = folder.assetcatalog; path = "Preview Assets.xcassets"; sourceTree = "<group>"; };
		2A8B7F372319A101005756BB /* Base */ = {isa = PBXFileReference; lastKnownFileType = file.storyboard; name = Base; path = Base.lproj/LaunchScreen.storyboard; sourceTree = "<group>"; };
		2A8B7F392319A101005756BB /* Info.plist */ = {isa = PBXFileReference; lastKnownFileType = text.plist.xml; path = Info.plist; sourceTree = "<group>"; };
		2A8B7F3E2319A101005756BB /* BondCashFlowTests.xctest */ = {isa = PBXFileReference; explicitFileType = wrapper.cfbundle; includeInIndex = 0; path = BondCashFlowTests.xctest; sourceTree = BUILT_PRODUCTS_DIR; };
		2A8B7F422319A101005756BB /* BondCashFlowTests.swift */ = {isa = PBXFileReference; lastKnownFileType = sourcecode.swift; path = BondCashFlowTests.swift; sourceTree = "<group>"; };
		2A8B7F442319A101005756BB /* Info.plist */ = {isa = PBXFileReference; lastKnownFileType = text.plist.xml; path = Info.plist; sourceTree = "<group>"; };
		2A8B7F492319A101005756BB /* BondCashFlowUITests.xctest */ = {isa = PBXFileReference; explicitFileType = wrapper.cfbundle; includeInIndex = 0; path = BondCashFlowUITests.xctest; sourceTree = BUILT_PRODUCTS_DIR; };
		2A8B7F4D2319A101005756BB /* BondCashFlowUITests.swift */ = {isa = PBXFileReference; lastKnownFileType = sourcecode.swift; path = BondCashFlowUITests.swift; sourceTree = "<group>"; };
		2A8B7F4F2319A101005756BB /* Info.plist */ = {isa = PBXFileReference; lastKnownFileType = text.plist.xml; path = Info.plist; sourceTree = "<group>"; };
		2A8B7F5C2319A1BB005756BB /* Potfolio.swift */ = {isa = PBXFileReference; fileEncoding = 4; lastKnownFileType = sourcecode.swift; path = Potfolio.swift; sourceTree = "<group>"; };
		2A8B7F5D2319A1BB005756BB /* Data.swift */ = {isa = PBXFileReference; fileEncoding = 4; lastKnownFileType = sourcecode.swift; path = Data.swift; sourceTree = "<group>"; };
		2A8B7F5E2319A1BB005756BB /* UserData.swift */ = {isa = PBXFileReference; fileEncoding = 4; lastKnownFileType = sourcecode.swift; path = UserData.swift; sourceTree = "<group>"; };
		2A8B7F632319A1C7005756BB /* CBondEmission.swift */ = {isa = PBXFileReference; fileEncoding = 4; lastKnownFileType = sourcecode.swift; path = CBondEmission.swift; sourceTree = "<group>"; };
		2A8B7F642319A1C7005756BB /* CBondFlow.swift */ = {isa = PBXFileReference; fileEncoding = 4; lastKnownFileType = sourcecode.swift; path = CBondFlow.swift; sourceTree = "<group>"; };
		2A8B7F652319A1C7005756BB /* CBondMeta.swift */ = {isa = PBXFileReference; fileEncoding = 4; lastKnownFileType = sourcecode.swift; path = CBondMeta.swift; sourceTree = "<group>"; };
		2A8B7F662319A1C7005756BB /* Flow.swift */ = {isa = PBXFileReference; fileEncoding = 4; lastKnownFileType = sourcecode.swift; path = Flow.swift; sourceTree = "<group>"; };
		2A8B7F672319A1C7005756BB /* Extension+DateFormatter.swift */ = {isa = PBXFileReference; fileEncoding = 4; lastKnownFileType = sourcecode.swift; path = "Extension+DateFormatter.swift"; sourceTree = "<group>"; };
		2A8B7F682319A1C7005756BB /* cbondFetch.swift */ = {isa = PBXFileReference; fileEncoding = 4; lastKnownFileType = sourcecode.swift; path = cbondFetch.swift; sourceTree = "<group>"; };
		2A8B7F692319A1C7005756BB /* Emission.swift */ = {isa = PBXFileReference; fileEncoding = 4; lastKnownFileType = sourcecode.swift; path = Emission.swift; sourceTree = "<group>"; };
		2A8B7F722319A1D7005756BB /* readCbondJSON.swift */ = {isa = PBXFileReference; fileEncoding = 4; lastKnownFileType = sourcecode.swift; path = readCbondJSON.swift; sourceTree = "<group>"; };
		2A8B7F732319A1D7005756BB /* WorkWithJSON.swift */ = {isa = PBXFileReference; fileEncoding = 4; lastKnownFileType = sourcecode.swift; path = WorkWithJSON.swift; sourceTree = "<group>"; };
		2A8B7F772319A1DF005756BB /* EmissionList.swift */ = {isa = PBXFileReference; fileEncoding = 4; lastKnownFileType = sourcecode.swift; path = EmissionList.swift; sourceTree = "<group>"; };
		2A8B7F782319A1DF005756BB /* EmissionDetail.swift */ = {isa = PBXFileReference; fileEncoding = 4; lastKnownFileType = sourcecode.swift; path = EmissionDetail.swift; sourceTree = "<group>"; };
		2A8B7F792319A1DF005756BB /* FlowRow.swift */ = {isa = PBXFileReference; fileEncoding = 4; lastKnownFileType = sourcecode.swift; path = FlowRow.swift; sourceTree = "<group>"; };
		2A8B7F7A2319A1DF005756BB /* PositionRow.swift */ = {isa = PBXFileReference; fileEncoding = 4; lastKnownFileType = sourcecode.swift; path = PositionRow.swift; sourceTree = "<group>"; };
		2A8B7F7B2319A1DF005756BB /* AddIssue.swift */ = {isa = PBXFileReference; fileEncoding = 4; lastKnownFileType = sourcecode.swift; path = AddIssue.swift; sourceTree = "<group>"; };
		2A8B7F7C2319A1DF005756BB /* AddPosition.swift */ = {isa = PBXFileReference; fileEncoding = 4; lastKnownFileType = sourcecode.swift; path = AddPosition.swift; sourceTree = "<group>"; };
		2A8B7F7D2319A1DF005756BB /* CbondLogin.swift */ = {isa = PBXFileReference; fileEncoding = 4; lastKnownFileType = sourcecode.swift; path = CbondLogin.swift; sourceTree = "<group>"; };
		2A8B7F7E2319A1DF005756BB /* EmitentFilter.swift */ = {isa = PBXFileReference; fileEncoding = 4; lastKnownFileType = sourcecode.swift; path = EmitentFilter.swift; sourceTree = "<group>"; };
		2A8B7F7F2319A1DF005756BB /* PotfolioFilter.swift */ = {isa = PBXFileReference; fileEncoding = 4; lastKnownFileType = sourcecode.swift; path = PotfolioFilter.swift; sourceTree = "<group>"; };
		2A8B7F802319A1DF005756BB /* Settings.swift */ = {isa = PBXFileReference; fileEncoding = 4; lastKnownFileType = sourcecode.swift; path = Settings.swift; sourceTree = "<group>"; };
		2A8B7F812319A1DF005756BB /* CFCalendar.swift */ = {isa = PBXFileReference; fileEncoding = 4; lastKnownFileType = sourcecode.swift; path = CFCalendar.swift; sourceTree = "<group>"; };
		2A8B7F822319A1DF005756BB /* EmissionRow.swift */ = {isa = PBXFileReference; fileEncoding = 4; lastKnownFileType = sourcecode.swift; path = EmissionRow.swift; sourceTree = "<group>"; };
		2A8B7F832319A1DF005756BB /* Catalogue.swift */ = {isa = PBXFileReference; fileEncoding = 4; lastKnownFileType = sourcecode.swift; path = Catalogue.swift; sourceTree = "<group>"; };
		2A8B7F842319A1DF005756BB /* PositionDetail.swift */ = {isa = PBXFileReference; fileEncoding = 4; lastKnownFileType = sourcecode.swift; path = PositionDetail.swift; sourceTree = "<group>"; };
		2A8B7F852319A1DF005756BB /* AddPortfolio.swift */ = {isa = PBXFileReference; fileEncoding = 4; lastKnownFileType = sourcecode.swift; path = AddPortfolio.swift; sourceTree = "<group>"; };
		2A8B7F862319A1DF005756BB /* PortfolioView.swift */ = {isa = PBXFileReference; fileEncoding = 4; lastKnownFileType = sourcecode.swift; path = PortfolioView.swift; sourceTree = "<group>"; };
		2A8B7F982319A1EA005756BB /* SaveDoneCancelButtons.swift */ = {isa = PBXFileReference; fileEncoding = 4; lastKnownFileType = sourcecode.swift; path = SaveDoneCancelButtons.swift; sourceTree = "<group>"; };
		2A8B7F9B2319A1F6005756BB /* String+Extensions.swift */ = {isa = PBXFileReference; fileEncoding = 4; lastKnownFileType = sourcecode.swift; path = "String+Extensions.swift"; sourceTree = "<group>"; };
		2A8B7F9C2319A1F6005756BB /* Collection+Extension.swift */ = {isa = PBXFileReference; fileEncoding = 4; lastKnownFileType = sourcecode.swift; path = "Collection+Extension.swift"; sourceTree = "<group>"; };
		2A8B7F9D2319A1F6005756BB /* Int+RusGrammar+Extension.swift */ = {isa = PBXFileReference; fileEncoding = 4; lastKnownFileType = sourcecode.swift; path = "Int+RusGrammar+Extension.swift"; sourceTree = "<group>"; };
		2A8B7F9E2319A1F6005756BB /* Extension+Array.swift */ = {isa = PBXFileReference; fileEncoding = 4; lastKnownFileType = sourcecode.swift; path = "Extension+Array.swift"; sourceTree = "<group>"; };
		2A8B7F9F2319A1F6005756BB /* Format+Extensions.swift */ = {isa = PBXFileReference; fileEncoding = 4; lastKnownFileType = sourcecode.swift; path = "Format+Extensions.swift"; sourceTree = "<group>"; };
		2A8B7FA02319A1F6005756BB /* Extension+FileManager.swift */ = {isa = PBXFileReference; fileEncoding = 4; lastKnownFileType = sourcecode.swift; path = "Extension+FileManager.swift"; sourceTree = "<group>"; };
		2A8B7FA12319A1F6005756BB /* Color+Extensions.swift */ = {isa = PBXFileReference; fileEncoding = 4; lastKnownFileType = sourcecode.swift; path = "Color+Extensions.swift"; sourceTree = "<group>"; };
		2A8B7FA22319A1F6005756BB /* Date+Extensions.swift */ = {isa = PBXFileReference; fileEncoding = 4; lastKnownFileType = sourcecode.swift; path = "Date+Extensions.swift"; sourceTree = "<group>"; };
		2A8B7FAC2319A1FF005756BB /* CashFlowCell.swift */ = {isa = PBXFileReference; fileEncoding = 4; lastKnownFileType = sourcecode.swift; path = CashFlowCell.swift; sourceTree = "<group>"; };
		2A8B7FAD2319A1FF005756BB /* CashFlowView.swift */ = {isa = PBXFileReference; fileEncoding = 4; lastKnownFileType = sourcecode.swift; path = CashFlowView.swift; sourceTree = "<group>"; };
		2A8B7FAE2319A1FF005756BB /* ItemState.swift */ = {isa = PBXFileReference; fileEncoding = 4; lastKnownFileType = sourcecode.swift; path = ItemState.swift; sourceTree = "<group>"; };
		2A8B7FAF2319A1FF005756BB /* TableInCell.swift */ = {isa = PBXFileReference; fileEncoding = 4; lastKnownFileType = sourcecode.swift; path = TableInCell.swift; sourceTree = "<group>"; };
		2A8B7FB02319A1FF005756BB /* CashFlowType.swift */ = {isa = PBXFileReference; fileEncoding = 4; lastKnownFileType = sourcecode.swift; path = CashFlowType.swift; sourceTree = "<group>"; };
		2A8B7FB12319A1FF005756BB /* CashFlowGridItem.swift */ = {isa = PBXFileReference; fileEncoding = 4; lastKnownFileType = sourcecode.swift; path = CashFlowGridItem.swift; sourceTree = "<group>"; };
		2A8B7FB22319A1FF005756BB /* GridColumn.swift */ = {isa = PBXFileReference; fileEncoding = 4; lastKnownFileType = sourcecode.swift; path = GridColumn.swift; sourceTree = "<group>"; };
		2A8B7FB32319A1FF005756BB /* CashFlowTimeline.swift */ = {isa = PBXFileReference; fileEncoding = 4; lastKnownFileType = sourcecode.swift; path = CashFlowTimeline.swift; sourceTree = "<group>"; };
		2A8B7FB42319A1FF005756BB /* CalendarCashFlow.swift */ = {isa = PBXFileReference; fileEncoding = 4; lastKnownFileType = sourcecode.swift; path = CalendarCashFlow.swift; sourceTree = "<group>"; };
		2A8B7FB52319A1FF005756BB /* CashFlowRow.swift */ = {isa = PBXFileReference; fileEncoding = 4; lastKnownFileType = sourcecode.swift; path = CashFlowRow.swift; sourceTree = "<group>"; };
		2A8B7FB62319A1FF005756BB /* CashFlowGrid.swift */ = {isa = PBXFileReference; fileEncoding = 4; lastKnownFileType = sourcecode.swift; path = CashFlowGrid.swift; sourceTree = "<group>"; };
		2A8B7FB72319A1FF005756BB /* TimelineView.swift */ = {isa = PBXFileReference; fileEncoding = 4; lastKnownFileType = sourcecode.swift; path = TimelineView.swift; sourceTree = "<group>"; };
		2A8B7FB82319A1FF005756BB /* GridItem.swift */ = {isa = PBXFileReference; fileEncoding = 4; lastKnownFileType = sourcecode.swift; path = GridItem.swift; sourceTree = "<group>"; };
		2A8B7FB92319A1FF005756BB /* CashFlowList.swift */ = {isa = PBXFileReference; fileEncoding = 4; lastKnownFileType = sourcecode.swift; path = CashFlowList.swift; sourceTree = "<group>"; };
		2A8B7FBA2319A1FF005756BB /* Grid.swift */ = {isa = PBXFileReference; fileEncoding = 4; lastKnownFileType = sourcecode.swift; path = Grid.swift; sourceTree = "<group>"; };
		2A8B7FBB2319A1FF005756BB /* TimelineGraphForRow.swift */ = {isa = PBXFileReference; fileEncoding = 4; lastKnownFileType = sourcecode.swift; path = TimelineGraphForRow.swift; sourceTree = "<group>"; };
		2A8B7FBC2319A1FF005756BB /* CashFlowGridColumn.swift */ = {isa = PBXFileReference; fileEncoding = 4; lastKnownFileType = sourcecode.swift; path = CashFlowGridColumn.swift; sourceTree = "<group>"; };
		2A8B7FCF2319A206005756BB /* CalCashFlow.swift */ = {isa = PBXFileReference; fileEncoding = 4; lastKnownFileType = sourcecode.swift; path = CalCashFlow.swift; sourceTree = "<group>"; };
		2A8B7FD02319A206005756BB /* CalendarCFRow.swift */ = {isa = PBXFileReference; fileEncoding = 4; lastKnownFileType = sourcecode.swift; path = CalendarCFRow.swift; sourceTree = "<group>"; };
		2A8B7FD12319A206005756BB /* CalendarCashFlowDetail.swift */ = {isa = PBXFileReference; fileEncoding = 4; lastKnownFileType = sourcecode.swift; path = CalendarCashFlowDetail.swift; sourceTree = "<group>"; };
		2A8B7FD22319A206005756BB /* CalendarCashFlowRow.swift */ = {isa = PBXFileReference; fileEncoding = 4; lastKnownFileType = sourcecode.swift; path = CalendarCashFlowRow.swift; sourceTree = "<group>"; };
		2A8B7FD32319A206005756BB /* ccf.swift */ = {isa = PBXFileReference; fileEncoding = 4; lastKnownFileType = sourcecode.swift; path = ccf.swift; sourceTree = "<group>"; };
		2AA4821C231D409000E7823F /* RotatingActivityIndicator.swift */ = {isa = PBXFileReference; lastKnownFileType = sourcecode.swift; path = RotatingActivityIndicator.swift; sourceTree = "<group>"; };
		2ABA2A8E231D9BD400FDB14F /* AdditionalPickers.swift */ = {isa = PBXFileReference; lastKnownFileType = sourcecode.swift; path = AdditionalPickers.swift; sourceTree = "<group>"; };
		2ABA2A90231D9CC600FDB14F /* CBondsSection.swift */ = {isa = PBXFileReference; lastKnownFileType = sourcecode.swift; path = CBondsSection.swift; sourceTree = "<group>"; };
		2ABA2A92231D9F3400FDB14F /* LocalDataSection.swift */ = {isa = PBXFileReference; lastKnownFileType = sourcecode.swift; path = LocalDataSection.swift; sourceTree = "<group>"; };
		2ABA2A94231DA19E00FDB14F /* UpdateLocalDataSection.swift */ = {isa = PBXFileReference; lastKnownFileType = sourcecode.swift; path = UpdateLocalDataSection.swift; sourceTree = "<group>"; };
		2ABA2A96231DB7B700FDB14F /* cbondRequest.swift */ = {isa = PBXFileReference; lastKnownFileType = sourcecode.swift; path = cbondRequest.swift; sourceTree = "<group>"; };
		2ABA2A98231DB92900FDB14F /* URLSession+Extension.swift */ = {isa = PBXFileReference; lastKnownFileType = sourcecode.swift; path = "URLSession+Extension.swift"; sourceTree = "<group>"; };
		2ABA2A9A231DBE9200FDB14F /* Result+Extension.swift */ = {isa = PBXFileReference; lastKnownFileType = sourcecode.swift; path = "Result+Extension.swift"; sourceTree = "<group>"; };
/* End PBXFileReference section */

/* Begin PBXFrameworksBuildPhase section */
		2A8B7F252319A100005756BB /* Frameworks */ = {
			isa = PBXFrameworksBuildPhase;
			buildActionMask = 2147483647;
			files = (
			);
			runOnlyForDeploymentPostprocessing = 0;
		};
		2A8B7F3B2319A101005756BB /* Frameworks */ = {
			isa = PBXFrameworksBuildPhase;
			buildActionMask = 2147483647;
			files = (
			);
			runOnlyForDeploymentPostprocessing = 0;
		};
		2A8B7F462319A101005756BB /* Frameworks */ = {
			isa = PBXFrameworksBuildPhase;
			buildActionMask = 2147483647;
			files = (
			);
			runOnlyForDeploymentPostprocessing = 0;
		};
/* End PBXFrameworksBuildPhase section */

/* Begin PBXGroup section */
		2A2EE05D231C09E900AAD7E2 /* Portfolio-Positions */ = {
			isa = PBXGroup;
			children = (
				2A8B7F862319A1DF005756BB /* PortfolioView.swift */,
				2A8B7F852319A1DF005756BB /* AddPortfolio.swift */,
				2A8B7F7C2319A1DF005756BB /* AddPosition.swift */,
				2A8B7F7A2319A1DF005756BB /* PositionRow.swift */,
				2A8B7F842319A1DF005756BB /* PositionDetail.swift */,
				2A3F573D231FE33700BC3767 /* FlowsList.swift */,
			);
			path = "Portfolio-Positions";
			sourceTree = "<group>";
		};
		2A2EE05E231C0A3300AAD7E2 /* Catalogue */ = {
			isa = PBXGroup;
			children = (
				2A8B7F832319A1DF005756BB /* Catalogue.swift */,
				2ABA2A92231D9F3400FDB14F /* LocalDataSection.swift */,
				2A3F5737231F2A9A00BC3767 /* LocalDataSubSections.swift */,
				2ABA2A90231D9CC600FDB14F /* CBondsSection.swift */,
				2ABA2A94231DA19E00FDB14F /* UpdateLocalDataSection.swift */,
				2ABA2A8E231D9BD400FDB14F /* AdditionalPickers.swift */,
				2A8B7F7D2319A1DF005756BB /* CbondLogin.swift */,
			);
			path = Catalogue;
			sourceTree = "<group>";
		};
		2A2EE05F231C0A5500AAD7E2 /* Settings */ = {
			isa = PBXGroup;
			children = (
				2A8B7F802319A1DF005756BB /* Settings.swift */,
			);
			path = Settings;
			sourceTree = "<group>";
		};
		2A2EE060231C0A6F00AAD7E2 /* CFCalendar */ = {
			isa = PBXGroup;
			children = (
				2A8B7F812319A1DF005756BB /* CFCalendar.swift */,
			);
			path = CFCalendar;
			sourceTree = "<group>";
		};
		2A8B7F1F2319A100005756BB = {
			isa = PBXGroup;
			children = (
				2A8B7F2A2319A100005756BB /* BondCashFlow */,
				2A8B7F412319A101005756BB /* BondCashFlowTests */,
				2A8B7F4C2319A101005756BB /* BondCashFlowUITests */,
				2A8B7F292319A100005756BB /* Products */,
			);
			sourceTree = "<group>";
		};
		2A8B7F292319A100005756BB /* Products */ = {
			isa = PBXGroup;
			children = (
				2A8B7F282319A100005756BB /* BondCashFlow.app */,
				2A8B7F3E2319A101005756BB /* BondCashFlowTests.xctest */,
				2A8B7F492319A101005756BB /* BondCashFlowUITests.xctest */,
			);
			name = Products;
			sourceTree = "<group>";
		};
		2A8B7F2A2319A100005756BB /* BondCashFlow */ = {
			isa = PBXGroup;
			children = (
				2A8B7F2B2319A100005756BB /* AppDelegate.swift */,
				2A8B7F2D2319A100005756BB /* SceneDelegate.swift */,
				2A8B7F2F2319A100005756BB /* ContentView.swift */,
				2A8B7FCE2319A206005756BB /* CalendarCashFlow */,
				2A8B7FAB2319A1FF005756BB /* BondCashFlow */,
				2A8B7F972319A1EA005756BB /* Supporting Views */,
				2A2EE060231C0A6F00AAD7E2 /* CFCalendar */,
				2A2EE05D231C09E900AAD7E2 /* Portfolio-Positions */,
				2A2EE05E231C0A3300AAD7E2 /* Catalogue */,
				2A2EE05F231C0A5500AAD7E2 /* Settings */,
				2A8B7F762319A1DF005756BB /* Views */,
				2A8B7F712319A1D7005756BB /* JSON */,
				2A8B7F622319A1C7005756BB /* Cbond Stuff */,
				2A8B7F5B2319A1BB005756BB /* Data and Model */,
				2A8B7F9A2319A1F6005756BB /* Extensions */,
				2A8B7F312319A101005756BB /* Assets.xcassets */,
				2A8B7F362319A101005756BB /* LaunchScreen.storyboard */,
				2A8B7F392319A101005756BB /* Info.plist */,
				2A8B7F332319A101005756BB /* Preview Content */,
			);
			path = BondCashFlow;
			sourceTree = "<group>";
		};
		2A8B7F332319A101005756BB /* Preview Content */ = {
			isa = PBXGroup;
			children = (
				2A8B7F342319A101005756BB /* Preview Assets.xcassets */,
			);
			path = "Preview Content";
			sourceTree = "<group>";
		};
		2A8B7F412319A101005756BB /* BondCashFlowTests */ = {
			isa = PBXGroup;
			children = (
				2A8B7F422319A101005756BB /* BondCashFlowTests.swift */,
				2A8B7F442319A101005756BB /* Info.plist */,
			);
			path = BondCashFlowTests;
			sourceTree = "<group>";
		};
		2A8B7F4C2319A101005756BB /* BondCashFlowUITests */ = {
			isa = PBXGroup;
			children = (
				2A8B7F4D2319A101005756BB /* BondCashFlowUITests.swift */,
				2A8B7F4F2319A101005756BB /* Info.plist */,
			);
			path = BondCashFlowUITests;
			sourceTree = "<group>";
		};
		2A8B7F5B2319A1BB005756BB /* Data and Model */ = {
			isa = PBXGroup;
			children = (
				2A8B7F5C2319A1BB005756BB /* Potfolio.swift */,
				2A2EE061231C139700AAD7E2 /* Position.swift */,
				2A8B7F5D2319A1BB005756BB /* Data.swift */,
				2A8B7F5E2319A1BB005756BB /* UserData.swift */,
				2A3F5735231F255E00BC3767 /* SettingsStore.swift */,
				2A3F5740231FFD9E00BC3767 /* UserDetaultWrapper.swift */,
			);
			path = "Data and Model";
			sourceTree = "<group>";
		};
		2A8B7F622319A1C7005756BB /* Cbond Stuff */ = {
			isa = PBXGroup;
			children = (
				2A8B7F722319A1D7005756BB /* readCbondJSON.swift */,
				2A8B7F632319A1C7005756BB /* CBondEmission.swift */,
				2A8B7F642319A1C7005756BB /* CBondFlow.swift */,
				2A8B7F652319A1C7005756BB /* CBondMeta.swift */,
				2A8B7F692319A1C7005756BB /* Emission.swift */,
				2A8B7F662319A1C7005756BB /* Flow.swift */,
				2A8B7F672319A1C7005756BB /* Extension+DateFormatter.swift */,
				2A8B7F682319A1C7005756BB /* cbondFetch.swift */,
				2ABA2A96231DB7B700FDB14F /* cbondRequest.swift */,
			);
			path = "Cbond Stuff";
			sourceTree = "<group>";
		};
		2A8B7F712319A1D7005756BB /* JSON */ = {
			isa = PBXGroup;
			children = (
				2A8B7F732319A1D7005756BB /* WorkWithJSON.swift */,
			);
			path = JSON;
			sourceTree = "<group>";
		};
		2A8B7F762319A1DF005756BB /* Views */ = {
			isa = PBXGroup;
			children = (
				2A8B7F7B2319A1DF005756BB /* AddIssue.swift */,
				2A8B7F772319A1DF005756BB /* EmissionList.swift */,
				2A8B7F822319A1DF005756BB /* EmissionRow.swift */,
				2A8B7F782319A1DF005756BB /* EmissionDetail.swift */,
				2A8B7F792319A1DF005756BB /* FlowRow.swift */,
				2A8B7F7E2319A1DF005756BB /* EmitentFilter.swift */,
			);
			path = Views;
			sourceTree = "<group>";
		};
		2A8B7F972319A1EA005756BB /* Supporting Views */ = {
			isa = PBXGroup;
			children = (
				2A8B7F982319A1EA005756BB /* SaveDoneCancelButtons.swift */,
				2A8B7F7F2319A1DF005756BB /* PotfolioFilter.swift */,
				2A783052231C43CC0047BDB6 /* PortfolioList.swift */,
				2AA4821C231D409000E7823F /* RotatingActivityIndicator.swift */,
				2A40574E231F051B00B5FA63 /* Buttons.swift */,
			);
			path = "Supporting Views";
			sourceTree = "<group>";
		};
		2A8B7F9A2319A1F6005756BB /* Extensions */ = {
			isa = PBXGroup;
			children = (
				2A8B7F9B2319A1F6005756BB /* String+Extensions.swift */,
				2A8B7F9C2319A1F6005756BB /* Collection+Extension.swift */,
				2A8B7F9D2319A1F6005756BB /* Int+RusGrammar+Extension.swift */,
				2A8B7F9E2319A1F6005756BB /* Extension+Array.swift */,
				2A8B7F9F2319A1F6005756BB /* Format+Extensions.swift */,
				2A8B7FA02319A1F6005756BB /* Extension+FileManager.swift */,
				2A8B7FA12319A1F6005756BB /* Color+Extensions.swift */,
				2A8B7FA22319A1F6005756BB /* Date+Extensions.swift */,
				2ABA2A98231DB92900FDB14F /* URLSession+Extension.swift */,
				2ABA2A9A231DBE9200FDB14F /* Result+Extension.swift */,
				2A3F573B231FD78600BC3767 /* View+Extension.swift */,
			);
			path = Extensions;
			sourceTree = "<group>";
		};
		2A8B7FAB2319A1FF005756BB /* BondCashFlow */ = {
			isa = PBXGroup;
			children = (
				2A8B7FB42319A1FF005756BB /* CalendarCashFlow.swift */,
				2A8B7FB02319A1FF005756BB /* CashFlowType.swift */,
				2A8B7FAE2319A1FF005756BB /* ItemState.swift */,
				2A8B7FAC2319A1FF005756BB /* CashFlowCell.swift */,
				2A8B7FAD2319A1FF005756BB /* CashFlowView.swift */,
				2A8B7FAF2319A1FF005756BB /* TableInCell.swift */,
				2A8B7FB12319A1FF005756BB /* CashFlowGridItem.swift */,
				2A8B7FB22319A1FF005756BB /* GridColumn.swift */,
				2A8B7FB32319A1FF005756BB /* CashFlowTimeline.swift */,
				2A8B7FB52319A1FF005756BB /* CashFlowRow.swift */,
				2A8B7FB62319A1FF005756BB /* CashFlowGrid.swift */,
				2A8B7FB72319A1FF005756BB /* TimelineView.swift */,
				2A8B7FB82319A1FF005756BB /* GridItem.swift */,
				2A8B7FB92319A1FF005756BB /* CashFlowList.swift */,
				2A8B7FBA2319A1FF005756BB /* Grid.swift */,
				2A8B7FBB2319A1FF005756BB /* TimelineGraphForRow.swift */,
				2A8B7FBC2319A1FF005756BB /* CashFlowGridColumn.swift */,
			);
			path = BondCashFlow;
			sourceTree = "<group>";
		};
		2A8B7FCE2319A206005756BB /* CalendarCashFlow */ = {
			isa = PBXGroup;
			children = (
				2A8B7FCF2319A206005756BB /* CalCashFlow.swift */,
				2A8B7FD12319A206005756BB /* CalendarCashFlowDetail.swift */,
				2A8B7FD22319A206005756BB /* CalendarCashFlowRow.swift */,
				2A8B7FD02319A206005756BB /* CalendarCFRow.swift */,
				2A3F57422320012D00BC3767 /* createCashFlow.swift */,
				2A8B7FD32319A206005756BB /* ccf.swift */,
			);
			path = CalendarCashFlow;
			sourceTree = "<group>";
		};
/* End PBXGroup section */

/* Begin PBXNativeTarget section */
		2A8B7F272319A100005756BB /* BondCashFlow */ = {
			isa = PBXNativeTarget;
			buildConfigurationList = 2A8B7F522319A101005756BB /* Build configuration list for PBXNativeTarget "BondCashFlow" */;
			buildPhases = (
				2A8B7F242319A100005756BB /* Sources */,
				2A8B7F252319A100005756BB /* Frameworks */,
				2A8B7F262319A100005756BB /* Resources */,
			);
			buildRules = (
			);
			dependencies = (
			);
			name = BondCashFlow;
			productName = BondCashFlow;
			productReference = 2A8B7F282319A100005756BB /* BondCashFlow.app */;
			productType = "com.apple.product-type.application";
		};
		2A8B7F3D2319A101005756BB /* BondCashFlowTests */ = {
			isa = PBXNativeTarget;
			buildConfigurationList = 2A8B7F552319A101005756BB /* Build configuration list for PBXNativeTarget "BondCashFlowTests" */;
			buildPhases = (
				2A8B7F3A2319A101005756BB /* Sources */,
				2A8B7F3B2319A101005756BB /* Frameworks */,
				2A8B7F3C2319A101005756BB /* Resources */,
			);
			buildRules = (
			);
			dependencies = (
				2A8B7F402319A101005756BB /* PBXTargetDependency */,
			);
			name = BondCashFlowTests;
			productName = BondCashFlowTests;
			productReference = 2A8B7F3E2319A101005756BB /* BondCashFlowTests.xctest */;
			productType = "com.apple.product-type.bundle.unit-test";
		};
		2A8B7F482319A101005756BB /* BondCashFlowUITests */ = {
			isa = PBXNativeTarget;
			buildConfigurationList = 2A8B7F582319A101005756BB /* Build configuration list for PBXNativeTarget "BondCashFlowUITests" */;
			buildPhases = (
				2A8B7F452319A101005756BB /* Sources */,
				2A8B7F462319A101005756BB /* Frameworks */,
				2A8B7F472319A101005756BB /* Resources */,
			);
			buildRules = (
			);
			dependencies = (
				2A8B7F4B2319A101005756BB /* PBXTargetDependency */,
			);
			name = BondCashFlowUITests;
			productName = BondCashFlowUITests;
			productReference = 2A8B7F492319A101005756BB /* BondCashFlowUITests.xctest */;
			productType = "com.apple.product-type.bundle.ui-testing";
		};
/* End PBXNativeTarget section */

/* Begin PBXProject section */
		2A8B7F202319A100005756BB /* Project object */ = {
			isa = PBXProject;
			attributes = {
				LastSwiftUpdateCheck = 1100;
				LastUpgradeCheck = 1100;
				ORGANIZATIONNAME = "Igor Malyarov";
				TargetAttributes = {
					2A8B7F272319A100005756BB = {
						CreatedOnToolsVersion = 11.0;
					};
					2A8B7F3D2319A101005756BB = {
						CreatedOnToolsVersion = 11.0;
						TestTargetID = 2A8B7F272319A100005756BB;
					};
					2A8B7F482319A101005756BB = {
						CreatedOnToolsVersion = 11.0;
						TestTargetID = 2A8B7F272319A100005756BB;
					};
				};
			};
			buildConfigurationList = 2A8B7F232319A100005756BB /* Build configuration list for PBXProject "BondCashFlow" */;
			compatibilityVersion = "Xcode 9.3";
			developmentRegion = en;
			hasScannedForEncodings = 0;
			knownRegions = (
				en,
				Base,
			);
			mainGroup = 2A8B7F1F2319A100005756BB;
			productRefGroup = 2A8B7F292319A100005756BB /* Products */;
			projectDirPath = "";
			projectRoot = "";
			targets = (
				2A8B7F272319A100005756BB /* BondCashFlow */,
				2A8B7F3D2319A101005756BB /* BondCashFlowTests */,
				2A8B7F482319A101005756BB /* BondCashFlowUITests */,
			);
		};
/* End PBXProject section */

/* Begin PBXResourcesBuildPhase section */
		2A8B7F262319A100005756BB /* Resources */ = {
			isa = PBXResourcesBuildPhase;
			buildActionMask = 2147483647;
			files = (
				2A8B7F382319A101005756BB /* LaunchScreen.storyboard in Resources */,
				2A8B7F352319A101005756BB /* Preview Assets.xcassets in Resources */,
				2A8B7F322319A101005756BB /* Assets.xcassets in Resources */,
			);
			runOnlyForDeploymentPostprocessing = 0;
		};
		2A8B7F3C2319A101005756BB /* Resources */ = {
			isa = PBXResourcesBuildPhase;
			buildActionMask = 2147483647;
			files = (
			);
			runOnlyForDeploymentPostprocessing = 0;
		};
		2A8B7F472319A101005756BB /* Resources */ = {
			isa = PBXResourcesBuildPhase;
			buildActionMask = 2147483647;
			files = (
			);
			runOnlyForDeploymentPostprocessing = 0;
		};
/* End PBXResourcesBuildPhase section */

/* Begin PBXSourcesBuildPhase section */
		2A8B7F242319A100005756BB /* Sources */ = {
			isa = PBXSourcesBuildPhase;
			buildActionMask = 2147483647;
			files = (
				2A8B7F992319A1EA005756BB /* SaveDoneCancelButtons.swift in Sources */,
				2A8B7FD42319A206005756BB /* CalCashFlow.swift in Sources */,
				2A8B7FA32319A1F6005756BB /* String+Extensions.swift in Sources */,
				2A8B7FC72319A1FF005756BB /* CashFlowGrid.swift in Sources */,
				2A8B7F8D2319A1DF005756BB /* CbondLogin.swift in Sources */,
				2A8B7FC22319A1FF005756BB /* CashFlowGridItem.swift in Sources */,
				2A8B7FA72319A1F6005756BB /* Format+Extensions.swift in Sources */,
				2A8B7FC62319A1FF005756BB /* CashFlowRow.swift in Sources */,
				2A783053231C43CC0047BDB6 /* PortfolioList.swift in Sources */,
				2A8B7FC52319A1FF005756BB /* CalendarCashFlow.swift in Sources */,
				2A8B7F872319A1DF005756BB /* EmissionList.swift in Sources */,
				2A8B7F702319A1C7005756BB /* Emission.swift in Sources */,
				2A8B7FD62319A206005756BB /* CalendarCashFlowDetail.swift in Sources */,
				2A8B7F922319A1DF005756BB /* EmissionRow.swift in Sources */,
				2A8B7FC12319A1FF005756BB /* CashFlowType.swift in Sources */,
				2ABA2A93231D9F3400FDB14F /* LocalDataSection.swift in Sources */,
				2A8B7FCC2319A1FF005756BB /* TimelineGraphForRow.swift in Sources */,
				2A8B7F962319A1DF005756BB /* PortfolioView.swift in Sources */,
				2A3F5738231F2A9A00BC3767 /* LocalDataSubSections.swift in Sources */,
				2ABA2A91231D9CC600FDB14F /* CBondsSection.swift in Sources */,
				2A40574F231F051B00B5FA63 /* Buttons.swift in Sources */,
				2A8B7F6B2319A1C7005756BB /* CBondFlow.swift in Sources */,
				2A8B7FA52319A1F6005756BB /* Int+RusGrammar+Extension.swift in Sources */,
				2A8B7F8E2319A1DF005756BB /* EmitentFilter.swift in Sources */,
				2A8B7F8B2319A1DF005756BB /* AddIssue.swift in Sources */,
				2A8B7F6E2319A1C7005756BB /* Extension+DateFormatter.swift in Sources */,
				2ABA2A97231DB7B700FDB14F /* cbondRequest.swift in Sources */,
				2A8B7FA42319A1F6005756BB /* Collection+Extension.swift in Sources */,
				2A8B7F612319A1BB005756BB /* UserData.swift in Sources */,
				2A8B7FA82319A1F6005756BB /* Extension+FileManager.swift in Sources */,
				2A8B7FD52319A206005756BB /* CalendarCFRow.swift in Sources */,
				2A8B7F882319A1DF005756BB /* EmissionDetail.swift in Sources */,
				2A8B7F902319A1DF005756BB /* Settings.swift in Sources */,
				2A8B7FC92319A1FF005756BB /* GridItem.swift in Sources */,
				2A8B7F8F2319A1DF005756BB /* PotfolioFilter.swift in Sources */,
				2A8B7FBE2319A1FF005756BB /* CashFlowView.swift in Sources */,
				2A3F573E231FE33700BC3767 /* FlowsList.swift in Sources */,
				2A8B7F752319A1D7005756BB /* WorkWithJSON.swift in Sources */,
				2A8B7FBD2319A1FF005756BB /* CashFlowCell.swift in Sources */,
				2A8B7FA92319A1F6005756BB /* Color+Extensions.swift in Sources */,
				2A3F573C231FD78600BC3767 /* View+Extension.swift in Sources */,
				2A8B7F942319A1DF005756BB /* PositionDetail.swift in Sources */,
				2A8B7FA62319A1F6005756BB /* Extension+Array.swift in Sources */,
				2ABA2A99231DB92900FDB14F /* URLSession+Extension.swift in Sources */,
				2A2EE062231C139700AAD7E2 /* Position.swift in Sources */,
				2A8B7F912319A1DF005756BB /* CFCalendar.swift in Sources */,
				2A8B7F6D2319A1C7005756BB /* Flow.swift in Sources */,
				2AA4821D231D409000E7823F /* RotatingActivityIndicator.swift in Sources */,
				2A8B7FC32319A1FF005756BB /* GridColumn.swift in Sources */,
				2A8B7F952319A1DF005756BB /* AddPortfolio.swift in Sources */,
				2A8B7F2C2319A100005756BB /* AppDelegate.swift in Sources */,
				2A8B7F8C2319A1DF005756BB /* AddPosition.swift in Sources */,
				2ABA2A9B231DBE9200FDB14F /* Result+Extension.swift in Sources */,
				2A3F5736231F255E00BC3767 /* SettingsStore.swift in Sources */,
				2A8B7F602319A1BB005756BB /* Data.swift in Sources */,
				2A8B7F5F2319A1BB005756BB /* Potfolio.swift in Sources */,
				2A3F57432320012D00BC3767 /* createCashFlow.swift in Sources */,
				2A8B7FCD2319A1FF005756BB /* CashFlowGridColumn.swift in Sources */,
				2A8B7F932319A1DF005756BB /* Catalogue.swift in Sources */,
				2A8B7F6C2319A1C7005756BB /* CBondMeta.swift in Sources */,
				2A8B7F892319A1DF005756BB /* FlowRow.swift in Sources */,
				2A8B7FAA2319A1F6005756BB /* Date+Extensions.swift in Sources */,
				2A8B7FBF2319A1FF005756BB /* ItemState.swift in Sources */,
				2A8B7F6A2319A1C7005756BB /* CBondEmission.swift in Sources */,
				2A8B7FD82319A206005756BB /* ccf.swift in Sources */,
				2A8B7F2E2319A100005756BB /* SceneDelegate.swift in Sources */,
				2A8B7F302319A100005756BB /* ContentView.swift in Sources */,
				2A8B7F8A2319A1DF005756BB /* PositionRow.swift in Sources */,
				2A8B7FCB2319A1FF005756BB /* Grid.swift in Sources */,
				2ABA2A8F231D9BD400FDB14F /* AdditionalPickers.swift in Sources */,
				2A8B7F742319A1D7005756BB /* readCbondJSON.swift in Sources */,
				2A8B7F6F2319A1C7005756BB /* cbondFetch.swift in Sources */,
				2A8B7FC02319A1FF005756BB /* TableInCell.swift in Sources */,
				2A3F5741231FFD9E00BC3767 /* UserDetaultWrapper.swift in Sources */,
				2A8B7FC42319A1FF005756BB /* CashFlowTimeline.swift in Sources */,
				2A8B7FCA2319A1FF005756BB /* CashFlowList.swift in Sources */,
				2ABA2A95231DA19E00FDB14F /* UpdateLocalDataSection.swift in Sources */,
				2A8B7FD72319A206005756BB /* CalendarCashFlowRow.swift in Sources */,
				2A8B7FC82319A1FF005756BB /* TimelineView.swift in Sources */,
			);
			runOnlyForDeploymentPostprocessing = 0;
		};
		2A8B7F3A2319A101005756BB /* Sources */ = {
			isa = PBXSourcesBuildPhase;
			buildActionMask = 2147483647;
			files = (
				2A8B7F432319A101005756BB /* BondCashFlowTests.swift in Sources */,
			);
			runOnlyForDeploymentPostprocessing = 0;
		};
		2A8B7F452319A101005756BB /* Sources */ = {
			isa = PBXSourcesBuildPhase;
			buildActionMask = 2147483647;
			files = (
				2A8B7F4E2319A101005756BB /* BondCashFlowUITests.swift in Sources */,
			);
			runOnlyForDeploymentPostprocessing = 0;
		};
/* End PBXSourcesBuildPhase section */

/* Begin PBXTargetDependency section */
		2A8B7F402319A101005756BB /* PBXTargetDependency */ = {
			isa = PBXTargetDependency;
			target = 2A8B7F272319A100005756BB /* BondCashFlow */;
			targetProxy = 2A8B7F3F2319A101005756BB /* PBXContainerItemProxy */;
		};
		2A8B7F4B2319A101005756BB /* PBXTargetDependency */ = {
			isa = PBXTargetDependency;
			target = 2A8B7F272319A100005756BB /* BondCashFlow */;
			targetProxy = 2A8B7F4A2319A101005756BB /* PBXContainerItemProxy */;
		};
/* End PBXTargetDependency section */

/* Begin PBXVariantGroup section */
		2A8B7F362319A101005756BB /* LaunchScreen.storyboard */ = {
			isa = PBXVariantGroup;
			children = (
				2A8B7F372319A101005756BB /* Base */,
			);
			name = LaunchScreen.storyboard;
			sourceTree = "<group>";
		};
/* End PBXVariantGroup section */

/* Begin XCBuildConfiguration section */
		2A8B7F502319A101005756BB /* Debug */ = {
			isa = XCBuildConfiguration;
			buildSettings = {
				ALWAYS_SEARCH_USER_PATHS = NO;
				CLANG_ANALYZER_NONNULL = YES;
				CLANG_ANALYZER_NUMBER_OBJECT_CONVERSION = YES_AGGRESSIVE;
				CLANG_CXX_LANGUAGE_STANDARD = "gnu++14";
				CLANG_CXX_LIBRARY = "libc++";
				CLANG_ENABLE_MODULES = YES;
				CLANG_ENABLE_OBJC_ARC = YES;
				CLANG_ENABLE_OBJC_WEAK = YES;
				CLANG_WARN_BLOCK_CAPTURE_AUTORELEASING = YES;
				CLANG_WARN_BOOL_CONVERSION = YES;
				CLANG_WARN_COMMA = YES;
				CLANG_WARN_CONSTANT_CONVERSION = YES;
				CLANG_WARN_DEPRECATED_OBJC_IMPLEMENTATIONS = YES;
				CLANG_WARN_DIRECT_OBJC_ISA_USAGE = YES_ERROR;
				CLANG_WARN_DOCUMENTATION_COMMENTS = YES;
				CLANG_WARN_EMPTY_BODY = YES;
				CLANG_WARN_ENUM_CONVERSION = YES;
				CLANG_WARN_INFINITE_RECURSION = YES;
				CLANG_WARN_INT_CONVERSION = YES;
				CLANG_WARN_NON_LITERAL_NULL_CONVERSION = YES;
				CLANG_WARN_OBJC_IMPLICIT_RETAIN_SELF = YES;
				CLANG_WARN_OBJC_LITERAL_CONVERSION = YES;
				CLANG_WARN_OBJC_ROOT_CLASS = YES_ERROR;
				CLANG_WARN_RANGE_LOOP_ANALYSIS = YES;
				CLANG_WARN_STRICT_PROTOTYPES = YES;
				CLANG_WARN_SUSPICIOUS_MOVE = YES;
				CLANG_WARN_UNGUARDED_AVAILABILITY = YES_AGGRESSIVE;
				CLANG_WARN_UNREACHABLE_CODE = YES;
				CLANG_WARN__DUPLICATE_METHOD_MATCH = YES;
				COPY_PHASE_STRIP = NO;
				DEBUG_INFORMATION_FORMAT = dwarf;
				ENABLE_STRICT_OBJC_MSGSEND = YES;
				ENABLE_TESTABILITY = YES;
				GCC_C_LANGUAGE_STANDARD = gnu11;
				GCC_DYNAMIC_NO_PIC = NO;
				GCC_NO_COMMON_BLOCKS = YES;
				GCC_OPTIMIZATION_LEVEL = 0;
				GCC_PREPROCESSOR_DEFINITIONS = (
					"DEBUG=1",
					"$(inherited)",
				);
				GCC_WARN_64_TO_32_BIT_CONVERSION = YES;
				GCC_WARN_ABOUT_RETURN_TYPE = YES_ERROR;
				GCC_WARN_UNDECLARED_SELECTOR = YES;
				GCC_WARN_UNINITIALIZED_AUTOS = YES_AGGRESSIVE;
				GCC_WARN_UNUSED_FUNCTION = YES;
				GCC_WARN_UNUSED_VARIABLE = YES;
				IPHONEOS_DEPLOYMENT_TARGET = 13.0;
				MTL_ENABLE_DEBUG_INFO = INCLUDE_SOURCE;
				MTL_FAST_MATH = YES;
				ONLY_ACTIVE_ARCH = YES;
				SDKROOT = iphoneos;
				SWIFT_ACTIVE_COMPILATION_CONDITIONS = DEBUG;
				SWIFT_OPTIMIZATION_LEVEL = "-Onone";
			};
			name = Debug;
		};
		2A8B7F512319A101005756BB /* Release */ = {
			isa = XCBuildConfiguration;
			buildSettings = {
				ALWAYS_SEARCH_USER_PATHS = NO;
				CLANG_ANALYZER_NONNULL = YES;
				CLANG_ANALYZER_NUMBER_OBJECT_CONVERSION = YES_AGGRESSIVE;
				CLANG_CXX_LANGUAGE_STANDARD = "gnu++14";
				CLANG_CXX_LIBRARY = "libc++";
				CLANG_ENABLE_MODULES = YES;
				CLANG_ENABLE_OBJC_ARC = YES;
				CLANG_ENABLE_OBJC_WEAK = YES;
				CLANG_WARN_BLOCK_CAPTURE_AUTORELEASING = YES;
				CLANG_WARN_BOOL_CONVERSION = YES;
				CLANG_WARN_COMMA = YES;
				CLANG_WARN_CONSTANT_CONVERSION = YES;
				CLANG_WARN_DEPRECATED_OBJC_IMPLEMENTATIONS = YES;
				CLANG_WARN_DIRECT_OBJC_ISA_USAGE = YES_ERROR;
				CLANG_WARN_DOCUMENTATION_COMMENTS = YES;
				CLANG_WARN_EMPTY_BODY = YES;
				CLANG_WARN_ENUM_CONVERSION = YES;
				CLANG_WARN_INFINITE_RECURSION = YES;
				CLANG_WARN_INT_CONVERSION = YES;
				CLANG_WARN_NON_LITERAL_NULL_CONVERSION = YES;
				CLANG_WARN_OBJC_IMPLICIT_RETAIN_SELF = YES;
				CLANG_WARN_OBJC_LITERAL_CONVERSION = YES;
				CLANG_WARN_OBJC_ROOT_CLASS = YES_ERROR;
				CLANG_WARN_RANGE_LOOP_ANALYSIS = YES;
				CLANG_WARN_STRICT_PROTOTYPES = YES;
				CLANG_WARN_SUSPICIOUS_MOVE = YES;
				CLANG_WARN_UNGUARDED_AVAILABILITY = YES_AGGRESSIVE;
				CLANG_WARN_UNREACHABLE_CODE = YES;
				CLANG_WARN__DUPLICATE_METHOD_MATCH = YES;
				COPY_PHASE_STRIP = NO;
				DEBUG_INFORMATION_FORMAT = "dwarf-with-dsym";
				ENABLE_NS_ASSERTIONS = NO;
				ENABLE_STRICT_OBJC_MSGSEND = YES;
				GCC_C_LANGUAGE_STANDARD = gnu11;
				GCC_NO_COMMON_BLOCKS = YES;
				GCC_WARN_64_TO_32_BIT_CONVERSION = YES;
				GCC_WARN_ABOUT_RETURN_TYPE = YES_ERROR;
				GCC_WARN_UNDECLARED_SELECTOR = YES;
				GCC_WARN_UNINITIALIZED_AUTOS = YES_AGGRESSIVE;
				GCC_WARN_UNUSED_FUNCTION = YES;
				GCC_WARN_UNUSED_VARIABLE = YES;
				IPHONEOS_DEPLOYMENT_TARGET = 13.0;
				MTL_ENABLE_DEBUG_INFO = NO;
				MTL_FAST_MATH = YES;
				SDKROOT = iphoneos;
				SWIFT_COMPILATION_MODE = wholemodule;
				SWIFT_OPTIMIZATION_LEVEL = "-O";
				VALIDATE_PRODUCT = YES;
			};
			name = Release;
		};
		2A8B7F532319A101005756BB /* Debug */ = {
			isa = XCBuildConfiguration;
			buildSettings = {
				ASSETCATALOG_COMPILER_APPICON_NAME = AppIcon;
				CODE_SIGN_STYLE = Automatic;
				DEVELOPMENT_ASSET_PATHS = "\"BondCashFlow/Preview Content\"";
				DEVELOPMENT_TEAM = VRVJ9YNRQU;
				ENABLE_PREVIEWS = YES;
				INFOPLIST_FILE = BondCashFlow/Info.plist;
				LD_RUNPATH_SEARCH_PATHS = (
					"$(inherited)",
					"@executable_path/Frameworks",
				);
				PRODUCT_BUNDLE_IDENTIFIER = com.photoigor.BondCashFlow;
				PRODUCT_NAME = "$(TARGET_NAME)";
				SWIFT_VERSION = 5.0;
				TARGETED_DEVICE_FAMILY = "1,2";
			};
			name = Debug;
		};
		2A8B7F542319A101005756BB /* Release */ = {
			isa = XCBuildConfiguration;
			buildSettings = {
				ASSETCATALOG_COMPILER_APPICON_NAME = AppIcon;
				CODE_SIGN_STYLE = Automatic;
				DEVELOPMENT_ASSET_PATHS = "\"BondCashFlow/Preview Content\"";
				DEVELOPMENT_TEAM = VRVJ9YNRQU;
				ENABLE_PREVIEWS = YES;
				INFOPLIST_FILE = BondCashFlow/Info.plist;
				LD_RUNPATH_SEARCH_PATHS = (
					"$(inherited)",
					"@executable_path/Frameworks",
				);
				PRODUCT_BUNDLE_IDENTIFIER = com.photoigor.BondCashFlow;
				PRODUCT_NAME = "$(TARGET_NAME)";
				SWIFT_VERSION = 5.0;
				TARGETED_DEVICE_FAMILY = "1,2";
			};
			name = Release;
		};
		2A8B7F562319A101005756BB /* Debug */ = {
			isa = XCBuildConfiguration;
			buildSettings = {
				ALWAYS_EMBED_SWIFT_STANDARD_LIBRARIES = YES;
				BUNDLE_LOADER = "$(TEST_HOST)";
				CODE_SIGN_STYLE = Automatic;
				DEVELOPMENT_TEAM = VRVJ9YNRQU;
				INFOPLIST_FILE = BondCashFlowTests/Info.plist;
				IPHONEOS_DEPLOYMENT_TARGET = 13.0;
				LD_RUNPATH_SEARCH_PATHS = (
					"$(inherited)",
					"@executable_path/Frameworks",
					"@loader_path/Frameworks",
				);
				PRODUCT_BUNDLE_IDENTIFIER = com.photoigor.BondCashFlowTests;
				PRODUCT_NAME = "$(TARGET_NAME)";
				SWIFT_VERSION = 5.0;
				TARGETED_DEVICE_FAMILY = "1,2";
				TEST_HOST = "$(BUILT_PRODUCTS_DIR)/BondCashFlow.app/BondCashFlow";
			};
			name = Debug;
		};
		2A8B7F572319A101005756BB /* Release */ = {
			isa = XCBuildConfiguration;
			buildSettings = {
				ALWAYS_EMBED_SWIFT_STANDARD_LIBRARIES = YES;
				BUNDLE_LOADER = "$(TEST_HOST)";
				CODE_SIGN_STYLE = Automatic;
				DEVELOPMENT_TEAM = VRVJ9YNRQU;
				INFOPLIST_FILE = BondCashFlowTests/Info.plist;
				IPHONEOS_DEPLOYMENT_TARGET = 13.0;
				LD_RUNPATH_SEARCH_PATHS = (
					"$(inherited)",
					"@executable_path/Frameworks",
					"@loader_path/Frameworks",
				);
				PRODUCT_BUNDLE_IDENTIFIER = com.photoigor.BondCashFlowTests;
				PRODUCT_NAME = "$(TARGET_NAME)";
				SWIFT_VERSION = 5.0;
				TARGETED_DEVICE_FAMILY = "1,2";
				TEST_HOST = "$(BUILT_PRODUCTS_DIR)/BondCashFlow.app/BondCashFlow";
			};
			name = Release;
		};
		2A8B7F592319A101005756BB /* Debug */ = {
			isa = XCBuildConfiguration;
			buildSettings = {
				ALWAYS_EMBED_SWIFT_STANDARD_LIBRARIES = YES;
				CODE_SIGN_STYLE = Automatic;
				DEVELOPMENT_TEAM = VRVJ9YNRQU;
				INFOPLIST_FILE = BondCashFlowUITests/Info.plist;
				LD_RUNPATH_SEARCH_PATHS = (
					"$(inherited)",
					"@executable_path/Frameworks",
					"@loader_path/Frameworks",
				);
				PRODUCT_BUNDLE_IDENTIFIER = com.photoigor.BondCashFlowUITests;
				PRODUCT_NAME = "$(TARGET_NAME)";
				SWIFT_VERSION = 5.0;
				TARGETED_DEVICE_FAMILY = "1,2";
				TEST_TARGET_NAME = BondCashFlow;
			};
			name = Debug;
		};
		2A8B7F5A2319A101005756BB /* Release */ = {
			isa = XCBuildConfiguration;
			buildSettings = {
				ALWAYS_EMBED_SWIFT_STANDARD_LIBRARIES = YES;
				CODE_SIGN_STYLE = Automatic;
				DEVELOPMENT_TEAM = VRVJ9YNRQU;
				INFOPLIST_FILE = BondCashFlowUITests/Info.plist;
				LD_RUNPATH_SEARCH_PATHS = (
					"$(inherited)",
					"@executable_path/Frameworks",
					"@loader_path/Frameworks",
				);
				PRODUCT_BUNDLE_IDENTIFIER = com.photoigor.BondCashFlowUITests;
				PRODUCT_NAME = "$(TARGET_NAME)";
				SWIFT_VERSION = 5.0;
				TARGETED_DEVICE_FAMILY = "1,2";
				TEST_TARGET_NAME = BondCashFlow;
			};
			name = Release;
		};
/* End XCBuildConfiguration section */

/* Begin XCConfigurationList section */
		2A8B7F232319A100005756BB /* Build configuration list for PBXProject "BondCashFlow" */ = {
			isa = XCConfigurationList;
			buildConfigurations = (
				2A8B7F502319A101005756BB /* Debug */,
				2A8B7F512319A101005756BB /* Release */,
			);
			defaultConfigurationIsVisible = 0;
			defaultConfigurationName = Release;
		};
		2A8B7F522319A101005756BB /* Build configuration list for PBXNativeTarget "BondCashFlow" */ = {
			isa = XCConfigurationList;
			buildConfigurations = (
				2A8B7F532319A101005756BB /* Debug */,
				2A8B7F542319A101005756BB /* Release */,
			);
			defaultConfigurationIsVisible = 0;
			defaultConfigurationName = Release;
		};
		2A8B7F552319A101005756BB /* Build configuration list for PBXNativeTarget "BondCashFlowTests" */ = {
			isa = XCConfigurationList;
			buildConfigurations = (
				2A8B7F562319A101005756BB /* Debug */,
				2A8B7F572319A101005756BB /* Release */,
			);
			defaultConfigurationIsVisible = 0;
			defaultConfigurationName = Release;
		};
		2A8B7F582319A101005756BB /* Build configuration list for PBXNativeTarget "BondCashFlowUITests" */ = {
			isa = XCConfigurationList;
			buildConfigurations = (
				2A8B7F592319A101005756BB /* Debug */,
				2A8B7F5A2319A101005756BB /* Release */,
			);
			defaultConfigurationIsVisible = 0;
			defaultConfigurationName = Release;
		};
/* End XCConfigurationList section */
	};
	rootObject = 2A8B7F202319A100005756BB /* Project object */;
}
